
Microsoft Visual Studio Solution File, Format Version 12.00
# Visual Studio 2015
Project("{FAE04EC0-301F-11D3-BF4B-00C04F79EFBC}") = "Formiguinhas", "Formiguinhas.csproj", "{F33AD672-69C9-9A1D-08F8-168CA3F72597}"
EndProject
Global
	GlobalSection(SolutionConfigurationPlatforms) = preSolution
		Debug|Any CPU = Debug|Any CPU
		Release|Any CPU = Release|Any CPU
	EndGlobalSection
	GlobalSection(ProjectConfigurationPlatforms) = postSolution
		{F33AD672-69C9-9A1D-08F8-168CA3F72597}.Debug|Any CPU.ActiveCfg = Debug|Any CPU
		{F33AD672-69C9-9A1D-08F8-168CA3F72597}.Debug|Any CPU.Build.0 = Debug|Any CPU
		{F33AD672-69C9-9A1D-08F8-168CA3F72597}.Release|Any CPU.ActiveCfg = Release|Any CPU
		{F33AD672-69C9-9A1D-08F8-168CA3F72597}.Release|Any CPU.Build.0 = Release|Any CPU
	EndGlobalSection
	GlobalSection(SolutionProperties) = preSolution
		HideSolutionNode = FALSE
	EndGlobalSection
EndGlobal
